
Microsoft Visual Studio Solution File, Format Version 12.00
# Visual Studio 15
VisualStudioVersion = 15.0.27130.2027
MinimumVisualStudioVersion = 10.0.40219.1
Project("{FAE04EC0-301F-11D3-BF4B-00C04F79EFBC}") = "Ci.Mvc.Alert", "Ci.Mvc.Alert\Ci.Mvc.Alert.csproj", "{BFFB827E-149C-4DDC-BA64-D978AC3178FD}"
EndProject
Project("{9A19103F-16F7-4668-BE54-9A1E7A4F7556}") = "Ci.Mvc.Alert.NetCore", "Ci.Mvc.Alert.NetCore\Ci.Mvc.Alert.NetCore.csproj", "{8F21139C-A398-4F02-AAED-3B5B3DF48900}"
EndProject
Global
	GlobalSection(SolutionConfigurationPlatforms) = preSolution
		Debug|Any CPU = Debug|Any CPU
		Release|Any CPU = Release|Any CPU
	EndGlobalSection
	GlobalSection(ProjectConfigurationPlatforms) = postSolution
		{BFFB827E-149C-4DDC-BA64-D978AC3178FD}.Debug|Any CPU.ActiveCfg = Debug|Any CPU
		{BFFB827E-149C-4DDC-BA64-D978AC3178FD}.Debug|Any CPU.Build.0 = Debug|Any CPU
		{BFFB827E-149C-4DDC-BA64-D978AC3178FD}.Release|Any CPU.ActiveCfg = Release|Any CPU
		{BFFB827E-149C-4DDC-BA64-D978AC3178FD}.Release|Any CPU.Build.0 = Release|Any CPU
		{8F21139C-A398-4F02-AAED-3B5B3DF48900}.Debug|Any CPU.ActiveCfg = Debug|Any CPU
		{8F21139C-A398-4F02-AAED-3B5B3DF48900}.Debug|Any CPU.Build.0 = Debug|Any CPU
		{8F21139C-A398-4F02-AAED-3B5B3DF48900}.Release|Any CPU.ActiveCfg = Release|Any CPU
		{8F21139C-A398-4F02-AAED-3B5B3DF48900}.Release|Any CPU.Build.0 = Release|Any CPU
	EndGlobalSection
	GlobalSection(SolutionProperties) = preSolution
		HideSolutionNode = FALSE
	EndGlobalSection
	GlobalSection(ExtensibilityGlobals) = postSolution
		SolutionGuid = {5338134E-5C4B-40A5-AE71-3FF9648FBFE0}
	EndGlobalSection
EndGlobal
