
Microsoft Visual Studio Solution File, Format Version 12.00
# Visual Studio Version 17
VisualStudioVersion = 17.0.32014.148
MinimumVisualStudioVersion = 10.0.40219.1
Project("{9A19103F-16F7-4668-BE54-9A1E7A4F7556}") = "Ci.Mvc.Alert.Core", "Ci.Mvc.Alert.Core\Ci.Mvc.Alert.Core.csproj", "{6AA34EC9-63F1-4E01-A06A-B272EBECBAEC}"
EndProject
Project("{9A19103F-16F7-4668-BE54-9A1E7A4F7556}") = "Ci.Mvc.Alert.Core.Example", "Ci.Mvc.Alert.Core.Example\Ci.Mvc.Alert.Core.Example.csproj", "{98464829-B1B3-4BD4-B09E-7EF5F003515E}"
EndProject
Global
	GlobalSection(SolutionConfigurationPlatforms) = preSolution
		Debug|Any CPU = Debug|Any CPU
		Release|Any CPU = Release|Any CPU
	EndGlobalSection
	GlobalSection(ProjectConfigurationPlatforms) = postSolution
		{6AA34EC9-63F1-4E01-A06A-B272EBECBAEC}.Debug|Any CPU.ActiveCfg = Debug|Any CPU
		{6AA34EC9-63F1-4E01-A06A-B272EBECBAEC}.Debug|Any CPU.Build.0 = Debug|Any CPU
		{6AA34EC9-63F1-4E01-A06A-B272EBECBAEC}.Release|Any CPU.ActiveCfg = Release|Any CPU
		{6AA34EC9-63F1-4E01-A06A-B272EBECBAEC}.Release|Any CPU.Build.0 = Release|Any CPU
		{98464829-B1B3-4BD4-B09E-7EF5F003515E}.Debug|Any CPU.ActiveCfg = Debug|Any CPU
		{98464829-B1B3-4BD4-B09E-7EF5F003515E}.Debug|Any CPU.Build.0 = Debug|Any CPU
		{98464829-B1B3-4BD4-B09E-7EF5F003515E}.Release|Any CPU.ActiveCfg = Release|Any CPU
		{98464829-B1B3-4BD4-B09E-7EF5F003515E}.Release|Any CPU.Build.0 = Release|Any CPU
	EndGlobalSection
	GlobalSection(SolutionProperties) = preSolution
		HideSolutionNode = FALSE
	EndGlobalSection
	GlobalSection(ExtensibilityGlobals) = postSolution
		SolutionGuid = {5338134E-5C4B-40A5-AE71-3FF9648FBFE0}
	EndGlobalSection
EndGlobal
